// !$*UTF8*$!
{
	archiveVersion = 1;
	classes = {
	};
	objectVersion = 46;
	objects = {

/* Begin PBXBuildFile section */
		3C2508461E702B07004233DA /* AppDelegate.swift in Sources */ = {isa = PBXBuildFile; fileRef = 3C2508451E702B07004233DA /* AppDelegate.swift */; };
		3C2508481E702B07004233DA /* ViewController.swift in Sources */ = {isa = PBXBuildFile; fileRef = 3C2508471E702B07004233DA /* ViewController.swift */; };
		3C25084B1E702B07004233DA /* Main.storyboard in Resources */ = {isa = PBXBuildFile; fileRef = 3C2508491E702B07004233DA /* Main.storyboard */; };
		3C25084D1E702B07004233DA /* Assets.xcassets in Resources */ = {isa = PBXBuildFile; fileRef = 3C25084C1E702B07004233DA /* Assets.xcassets */; };
		3C2508501E702B07004233DA /* LaunchScreen.storyboard in Resources */ = {isa = PBXBuildFile; fileRef = 3C25084E1E702B07004233DA /* LaunchScreen.storyboard */; };
		3C25085B1E702B08004233DA /* nomitterTests.swift in Sources */ = {isa = PBXBuildFile; fileRef = 3C25085A1E702B08004233DA /* nomitterTests.swift */; };
		3C2508661E702B08004233DA /* nomitterUITests.swift in Sources */ = {isa = PBXBuildFile; fileRef = 3C2508651E702B08004233DA /* nomitterUITests.swift */; };
		3C2508741E702E44004233DA /* makeIdViewController.swift in Sources */ = {isa = PBXBuildFile; fileRef = 3C2508731E702E44004233DA /* makeIdViewController.swift */; };
		3C2508761E702E80004233DA /* loginViewController.swift in Sources */ = {isa = PBXBuildFile; fileRef = 3C2508751E702E80004233DA /* loginViewController.swift */; };
		3C2508781E702E98004233DA /* DetailsetViewController.swift in Sources */ = {isa = PBXBuildFile; fileRef = 3C2508771E702E98004233DA /* DetailsetViewController.swift */; };
		3C25087A1E702EA2004233DA /* ListViewController.swift in Sources */ = {isa = PBXBuildFile; fileRef = 3C2508791E702EA2004233DA /* ListViewController.swift */; };
		3C25087C1E702EB0004233DA /* AddEventViewController.swift in Sources */ = {isa = PBXBuildFile; fileRef = 3C25087B1E702EB0004233DA /* AddEventViewController.swift */; };
		3C25087E1E7045E2004233DA /* FirebaseAuth.swift in Sources */ = {isa = PBXBuildFile; fileRef = 3C25087D1E7045E2004233DA /* FirebaseAuth.swift */; };
		3C2508801E704D22004233DA /* firebaseDatabase.swift in Sources */ = {isa = PBXBuildFile; fileRef = 3C25087F1E704D22004233DA /* firebaseDatabase.swift */; };
		3C8C7ABE1E75899E0014A1F5 /* GoogleService-Info.plist in Resources */ = {isa = PBXBuildFile; fileRef = 3C8C7ABD1E75899E0014A1F5 /* GoogleService-Info.plist */; };
		824BE13A7C06E6AAEF622EE7 /* Pods_nomitter.framework in Frameworks */ = {isa = PBXBuildFile; fileRef = D9FEA5BEB775660906DCAF81 /* Pods_nomitter.framework */; };
		A212BA75DF4543D1363D3422 /* Pods_nomitterTests.framework in Frameworks */ = {isa = PBXBuildFile; fileRef = E1608D64A6CCCE3FC0D15893 /* Pods_nomitterTests.framework */; };
		C923739FD6BF5177CBB24D83 /* Pods_nomitterUITests.framework in Frameworks */ = {isa = PBXBuildFile; fileRef = 4E8591DAF22F091AEAC80289 /* Pods_nomitterUITests.framework */; };
/* End PBXBuildFile section */

/* Begin PBXContainerItemProxy section */
		3C2508571E702B08004233DA /* PBXContainerItemProxy */ = {
			isa = PBXContainerItemProxy;
			containerPortal = 3C25083A1E702B06004233DA /* Project object */;
			proxyType = 1;
			remoteGlobalIDString = 3C2508411E702B06004233DA;
			remoteInfo = nomitter;
		};
		3C2508621E702B08004233DA /* PBXContainerItemProxy */ = {
			isa = PBXContainerItemProxy;
			containerPortal = 3C25083A1E702B06004233DA /* Project object */;
			proxyType = 1;
			remoteGlobalIDString = 3C2508411E702B06004233DA;
			remoteInfo = nomitter;
		};
/* End PBXContainerItemProxy section */

/* Begin PBXFileReference section */
		046D4A67BBA2CE98679903A5 /* Pods-nomitterUITests.debug.xcconfig */ = {isa = PBXFileReference; includeInIndex = 1; lastKnownFileType = text.xcconfig; name = "Pods-nomitterUITests.debug.xcconfig"; path = "Pods/Target Support Files/Pods-nomitterUITests/Pods-nomitterUITests.debug.xcconfig"; sourceTree = "<group>"; };
		1012AA5D0C167A7B3D4841DE /* Pods-nomitter.debug.xcconfig */ = {isa = PBXFileReference; includeInIndex = 1; lastKnownFileType = text.xcconfig; name = "Pods-nomitter.debug.xcconfig"; path = "Pods/Target Support Files/Pods-nomitter/Pods-nomitter.debug.xcconfig"; sourceTree = "<group>"; };
		3C2508421E702B07004233DA /* nomitter.app */ = {isa = PBXFileReference; explicitFileType = wrapper.application; includeInIndex = 0; path = nomitter.app; sourceTree = BUILT_PRODUCTS_DIR; };
		3C2508451E702B07004233DA /* AppDelegate.swift */ = {isa = PBXFileReference; lastKnownFileType = sourcecode.swift; path = AppDelegate.swift; sourceTree = "<group>"; };
		3C2508471E702B07004233DA /* ViewController.swift */ = {isa = PBXFileReference; lastKnownFileType = sourcecode.swift; path = ViewController.swift; sourceTree = "<group>"; };
		3C25084A1E702B07004233DA /* Base */ = {isa = PBXFileReference; lastKnownFileType = file.storyboard; name = Base; path = Base.lproj/Main.storyboard; sourceTree = "<group>"; };
		3C25084C1E702B07004233DA /* Assets.xcassets */ = {isa = PBXFileReference; lastKnownFileType = folder.assetcatalog; path = Assets.xcassets; sourceTree = "<group>"; };
		3C25084F1E702B07004233DA /* Base */ = {isa = PBXFileReference; lastKnownFileType = file.storyboard; name = Base; path = Base.lproj/LaunchScreen.storyboard; sourceTree = "<group>"; };
		3C2508511E702B07004233DA /* Info.plist */ = {isa = PBXFileReference; lastKnownFileType = text.plist.xml; path = Info.plist; sourceTree = "<group>"; };
		3C2508561E702B08004233DA /* nomitterTests.xctest */ = {isa = PBXFileReference; explicitFileType = wrapper.cfbundle; includeInIndex = 0; path = nomitterTests.xctest; sourceTree = BUILT_PRODUCTS_DIR; };
		3C25085A1E702B08004233DA /* nomitterTests.swift */ = {isa = PBXFileReference; lastKnownFileType = sourcecode.swift; path = nomitterTests.swift; sourceTree = "<group>"; };
		3C25085C1E702B08004233DA /* Info.plist */ = {isa = PBXFileReference; lastKnownFileType = text.plist.xml; path = Info.plist; sourceTree = "<group>"; };
		3C2508611E702B08004233DA /* nomitterUITests.xctest */ = {isa = PBXFileReference; explicitFileType = wrapper.cfbundle; includeInIndex = 0; path = nomitterUITests.xctest; sourceTree = BUILT_PRODUCTS_DIR; };
		3C2508651E702B08004233DA /* nomitterUITests.swift */ = {isa = PBXFileReference; lastKnownFileType = sourcecode.swift; path = nomitterUITests.swift; sourceTree = "<group>"; };
		3C2508671E702B08004233DA /* Info.plist */ = {isa = PBXFileReference; lastKnownFileType = text.plist.xml; path = Info.plist; sourceTree = "<group>"; };
		3C2508731E702E44004233DA /* makeIdViewController.swift */ = {isa = PBXFileReference; fileEncoding = 4; lastKnownFileType = sourcecode.swift; path = makeIdViewController.swift; sourceTree = "<group>"; };
		3C2508751E702E80004233DA /* loginViewController.swift */ = {isa = PBXFileReference; fileEncoding = 4; lastKnownFileType = sourcecode.swift; path = loginViewController.swift; sourceTree = "<group>"; };
		3C2508771E702E98004233DA /* DetailsetViewController.swift */ = {isa = PBXFileReference; fileEncoding = 4; lastKnownFileType = sourcecode.swift; path = DetailsetViewController.swift; sourceTree = "<group>"; };
		3C2508791E702EA2004233DA /* ListViewController.swift */ = {isa = PBXFileReference; fileEncoding = 4; lastKnownFileType = sourcecode.swift; path = ListViewController.swift; sourceTree = "<group>"; };
		3C25087B1E702EB0004233DA /* AddEventViewController.swift */ = {isa = PBXFileReference; fileEncoding = 4; lastKnownFileType = sourcecode.swift; path = AddEventViewController.swift; sourceTree = "<group>"; };
		3C25087D1E7045E2004233DA /* FirebaseAuth.swift */ = {isa = PBXFileReference; fileEncoding = 4; lastKnownFileType = sourcecode.swift; path = FirebaseAuth.swift; sourceTree = "<group>"; };
		3C25087F1E704D22004233DA /* firebaseDatabase.swift */ = {isa = PBXFileReference; fileEncoding = 4; lastKnownFileType = sourcecode.swift; path = firebaseDatabase.swift; sourceTree = "<group>"; };
		3C8C7ABD1E75899E0014A1F5 /* GoogleService-Info.plist */ = {isa = PBXFileReference; fileEncoding = 4; lastKnownFileType = text.plist.xml; path = "GoogleService-Info.plist"; sourceTree = "<group>"; };
		459816A0B9935B13DF1F4C49 /* Pods-nomitterUITests.release.xcconfig */ = {isa = PBXFileReference; includeInIndex = 1; lastKnownFileType = text.xcconfig; name = "Pods-nomitterUITests.release.xcconfig"; path = "Pods/Target Support Files/Pods-nomitterUITests/Pods-nomitterUITests.release.xcconfig"; sourceTree = "<group>"; };
		4E8591DAF22F091AEAC80289 /* Pods_nomitterUITests.framework */ = {isa = PBXFileReference; explicitFileType = wrapper.framework; includeInIndex = 0; path = Pods_nomitterUITests.framework; sourceTree = BUILT_PRODUCTS_DIR; };
		57FF0F5D06193C996164E56F /* Pods-nomitterTests.debug.xcconfig */ = {isa = PBXFileReference; includeInIndex = 1; lastKnownFileType = text.xcconfig; name = "Pods-nomitterTests.debug.xcconfig"; path = "Pods/Target Support Files/Pods-nomitterTests/Pods-nomitterTests.debug.xcconfig"; sourceTree = "<group>"; };
		6E76BE2A444A55CD294A4704 /* Pods-nomitterTests.release.xcconfig */ = {isa = PBXFileReference; includeInIndex = 1; lastKnownFileType = text.xcconfig; name = "Pods-nomitterTests.release.xcconfig"; path = "Pods/Target Support Files/Pods-nomitterTests/Pods-nomitterTests.release.xcconfig"; sourceTree = "<group>"; };
		D304E148C5899FC11207B4E7 /* Pods-nomitter.release.xcconfig */ = {isa = PBXFileReference; includeInIndex = 1; lastKnownFileType = text.xcconfig; name = "Pods-nomitter.release.xcconfig"; path = "Pods/Target Support Files/Pods-nomitter/Pods-nomitter.release.xcconfig"; sourceTree = "<group>"; };
		D9FEA5BEB775660906DCAF81 /* Pods_nomitter.framework */ = {isa = PBXFileReference; explicitFileType = wrapper.framework; includeInIndex = 0; path = Pods_nomitter.framework; sourceTree = BUILT_PRODUCTS_DIR; };
		E1608D64A6CCCE3FC0D15893 /* Pods_nomitterTests.framework */ = {isa = PBXFileReference; explicitFileType = wrapper.framework; includeInIndex = 0; path = Pods_nomitterTests.framework; sourceTree = BUILT_PRODUCTS_DIR; };
/* End PBXFileReference section */

/* Begin PBXFrameworksBuildPhase section */
		3C25083F1E702B06004233DA /* Frameworks */ = {
			isa = PBXFrameworksBuildPhase;
			buildActionMask = 2147483647;
			files = (
				824BE13A7C06E6AAEF622EE7 /* Pods_nomitter.framework in Frameworks */,
			);
			runOnlyForDeploymentPostprocessing = 0;
		};
		3C2508531E702B08004233DA /* Frameworks */ = {
			isa = PBXFrameworksBuildPhase;
			buildActionMask = 2147483647;
			files = (
				A212BA75DF4543D1363D3422 /* Pods_nomitterTests.framework in Frameworks */,
			);
			runOnlyForDeploymentPostprocessing = 0;
		};
		3C25085E1E702B08004233DA /* Frameworks */ = {
			isa = PBXFrameworksBuildPhase;
			buildActionMask = 2147483647;
			files = (
				C923739FD6BF5177CBB24D83 /* Pods_nomitterUITests.framework in Frameworks */,
			);
			runOnlyForDeploymentPostprocessing = 0;
		};
/* End PBXFrameworksBuildPhase section */

/* Begin PBXGroup section */
		3C2508391E702B06004233DA = {
			isa = PBXGroup;
			children = (
				3C2508441E702B07004233DA /* nomitter */,
				3C2508591E702B08004233DA /* nomitterTests */,
				3C2508641E702B08004233DA /* nomitterUITests */,
				3C2508431E702B07004233DA /* Products */,
				9E48FE2B1112D2C8FB36BD22 /* Pods */,
				AA9E4F5B58642D93C6083048 /* Frameworks */,
			);
			sourceTree = "<group>";
		};
		3C2508431E702B07004233DA /* Products */ = {
			isa = PBXGroup;
			children = (
				3C2508421E702B07004233DA /* nomitter.app */,
				3C2508561E702B08004233DA /* nomitterTests.xctest */,
				3C2508611E702B08004233DA /* nomitterUITests.xctest */,
			);
			name = Products;
			sourceTree = "<group>";
		};
		3C2508441E702B07004233DA /* nomitter */ = {
			isa = PBXGroup;
			children = (
				3C2508451E702B07004233DA /* AppDelegate.swift */,
				3C2508471E702B07004233DA /* ViewController.swift */,
				3C2508731E702E44004233DA /* makeIdViewController.swift */,
				3C2508751E702E80004233DA /* loginViewController.swift */,
				3C2508771E702E98004233DA /* DetailsetViewController.swift */,
				3C2508791E702EA2004233DA /* ListViewController.swift */,
				3C25087B1E702EB0004233DA /* AddEventViewController.swift */,
				3C25087D1E7045E2004233DA /* FirebaseAuth.swift */,
				3C25087F1E704D22004233DA /* firebaseDatabase.swift */,
				3C2508491E702B07004233DA /* Main.storyboard */,
				3C25084C1E702B07004233DA /* Assets.xcassets */,
				3C25084E1E702B07004233DA /* LaunchScreen.storyboard */,
				3C2508511E702B07004233DA /* Info.plist */,
				3C8C7ABD1E75899E0014A1F5 /* GoogleService-Info.plist */,
			);
			path = nomitter;
			sourceTree = "<group>";
		};
		3C2508591E702B08004233DA /* nomitterTests */ = {
			isa = PBXGroup;
			children = (
				3C25085A1E702B08004233DA /* nomitterTests.swift */,
				3C25085C1E702B08004233DA /* Info.plist */,
			);
			path = nomitterTests;
			sourceTree = "<group>";
		};
		3C2508641E702B08004233DA /* nomitterUITests */ = {
			isa = PBXGroup;
			children = (
				3C2508651E702B08004233DA /* nomitterUITests.swift */,
				3C2508671E702B08004233DA /* Info.plist */,
			);
			path = nomitterUITests;
			sourceTree = "<group>";
		};
		9E48FE2B1112D2C8FB36BD22 /* Pods */ = {
			isa = PBXGroup;
			children = (
				1012AA5D0C167A7B3D4841DE /* Pods-nomitter.debug.xcconfig */,
				D304E148C5899FC11207B4E7 /* Pods-nomitter.release.xcconfig */,
				57FF0F5D06193C996164E56F /* Pods-nomitterTests.debug.xcconfig */,
				6E76BE2A444A55CD294A4704 /* Pods-nomitterTests.release.xcconfig */,
				046D4A67BBA2CE98679903A5 /* Pods-nomitterUITests.debug.xcconfig */,
				459816A0B9935B13DF1F4C49 /* Pods-nomitterUITests.release.xcconfig */,
			);
			name = Pods;
			sourceTree = "<group>";
		};
		AA9E4F5B58642D93C6083048 /* Frameworks */ = {
			isa = PBXGroup;
			children = (
				D9FEA5BEB775660906DCAF81 /* Pods_nomitter.framework */,
				E1608D64A6CCCE3FC0D15893 /* Pods_nomitterTests.framework */,
				4E8591DAF22F091AEAC80289 /* Pods_nomitterUITests.framework */,
			);
			name = Frameworks;
			sourceTree = "<group>";
		};
/* End PBXGroup section */

/* Begin PBXNativeTarget section */
		3C2508411E702B06004233DA /* nomitter */ = {
			isa = PBXNativeTarget;
			buildConfigurationList = 3C25086A1E702B08004233DA /* Build configuration list for PBXNativeTarget "nomitter" */;
			buildPhases = (
				A9FC8F50F092EA9C055FCCFF /* [CP] Check Pods Manifest.lock */,
				3C25083E1E702B06004233DA /* Sources */,
				3C25083F1E702B06004233DA /* Frameworks */,
				3C2508401E702B06004233DA /* Resources */,
				C8E141AD541589B03BA80076 /* [CP] Embed Pods Frameworks */,
				1A2AC3F3CE67A4B3768C9F31 /* [CP] Copy Pods Resources */,
			);
			buildRules = (
			);
			dependencies = (
			);
			name = nomitter;
			productName = nomitter;
			productReference = 3C2508421E702B07004233DA /* nomitter.app */;
			productType = "com.apple.product-type.application";
		};
		3C2508551E702B08004233DA /* nomitterTests */ = {
			isa = PBXNativeTarget;
			buildConfigurationList = 3C25086D1E702B08004233DA /* Build configuration list for PBXNativeTarget "nomitterTests" */;
			buildPhases = (
				F606F5490C716E04C8D7D4FF /* [CP] Check Pods Manifest.lock */,
				3C2508521E702B08004233DA /* Sources */,
				3C2508531E702B08004233DA /* Frameworks */,
				3C2508541E702B08004233DA /* Resources */,
				DA716C356AA78942C59A1AF9 /* [CP] Embed Pods Frameworks */,
				A3D76E1E592AEED135AC459D /* [CP] Copy Pods Resources */,
			);
			buildRules = (
			);
			dependencies = (
				3C2508581E702B08004233DA /* PBXTargetDependency */,
			);
			name = nomitterTests;
			productName = nomitterTests;
			productReference = 3C2508561E702B08004233DA /* nomitterTests.xctest */;
			productType = "com.apple.product-type.bundle.unit-test";
		};
		3C2508601E702B08004233DA /* nomitterUITests */ = {
			isa = PBXNativeTarget;
			buildConfigurationList = 3C2508701E702B08004233DA /* Build configuration list for PBXNativeTarget "nomitterUITests" */;
			buildPhases = (
				04EB56BB3F7A2F921AC7CB6F /* [CP] Check Pods Manifest.lock */,
				3C25085D1E702B08004233DA /* Sources */,
				3C25085E1E702B08004233DA /* Frameworks */,
				3C25085F1E702B08004233DA /* Resources */,
				467E9368CD479702E43BCFAD /* [CP] Embed Pods Frameworks */,
				67D239104B342AFE4BB87A48 /* [CP] Copy Pods Resources */,
			);
			buildRules = (
			);
			dependencies = (
				3C2508631E702B08004233DA /* PBXTargetDependency */,
			);
			name = nomitterUITests;
			productName = nomitterUITests;
			productReference = 3C2508611E702B08004233DA /* nomitterUITests.xctest */;
			productType = "com.apple.product-type.bundle.ui-testing";
		};
/* End PBXNativeTarget section */

/* Begin PBXProject section */
		3C25083A1E702B06004233DA /* Project object */ = {
			isa = PBXProject;
			attributes = {
				LastSwiftUpdateCheck = 0820;
				LastUpgradeCheck = 0820;
				ORGANIZATIONNAME = takarki;
				TargetAttributes = {
					3C2508411E702B06004233DA = {
						CreatedOnToolsVersion = 8.2.1;
						DevelopmentTeam = 7PPRG6W84P;
						ProvisioningStyle = Automatic;
					};
					3C2508551E702B08004233DA = {
						CreatedOnToolsVersion = 8.2.1;
						DevelopmentTeam = 7PPRG6W84P;
						ProvisioningStyle = Automatic;
						TestTargetID = 3C2508411E702B06004233DA;
					};
					3C2508601E702B08004233DA = {
						CreatedOnToolsVersion = 8.2.1;
						DevelopmentTeam = 7PPRG6W84P;
						ProvisioningStyle = Automatic;
						TestTargetID = 3C2508411E702B06004233DA;
					};
				};
			};
			buildConfigurationList = 3C25083D1E702B06004233DA /* Build configuration list for PBXProject "nomitter" */;
			compatibilityVersion = "Xcode 3.2";
			developmentRegion = English;
			hasScannedForEncodings = 0;
			knownRegions = (
				en,
				Base,
			);
			mainGroup = 3C2508391E702B06004233DA;
			productRefGroup = 3C2508431E702B07004233DA /* Products */;
			projectDirPath = "";
			projectRoot = "";
			targets = (
				3C2508411E702B06004233DA /* nomitter */,
				3C2508551E702B08004233DA /* nomitterTests */,
				3C2508601E702B08004233DA /* nomitterUITests */,
			);
		};
/* End PBXProject section */

/* Begin PBXResourcesBuildPhase section */
		3C2508401E702B06004233DA /* Resources */ = {
			isa = PBXResourcesBuildPhase;
			buildActionMask = 2147483647;
			files = (
				3C2508501E702B07004233DA /* LaunchScreen.storyboard in Resources */,
				3C8C7ABE1E75899E0014A1F5 /* GoogleService-Info.plist in Resources */,
				3C25084D1E702B07004233DA /* Assets.xcassets in Resources */,
				3C25084B1E702B07004233DA /* Main.storyboard in Resources */,
			);
			runOnlyForDeploymentPostprocessing = 0;
		};
		3C2508541E702B08004233DA /* Resources */ = {
			isa = PBXResourcesBuildPhase;
			buildActionMask = 2147483647;
			files = (
			);
			runOnlyForDeploymentPostprocessing = 0;
		};
		3C25085F1E702B08004233DA /* Resources */ = {
			isa = PBXResourcesBuildPhase;
			buildActionMask = 2147483647;
			files = (
			);
			runOnlyForDeploymentPostprocessing = 0;
		};
/* End PBXResourcesBuildPhase section */

/* Begin PBXShellScriptBuildPhase section */
		04EB56BB3F7A2F921AC7CB6F /* [CP] Check Pods Manifest.lock */ = {
			isa = PBXShellScriptBuildPhase;
			buildActionMask = 2147483647;
			files = (
			);
			inputPaths = (
			);
			name = "[CP] Check Pods Manifest.lock";
			outputPaths = (
			);
			runOnlyForDeploymentPostprocessing = 0;
			shellPath = /bin/sh;
			shellScript = "diff \"${PODS_PODFILE_DIR_PATH}/Podfile.lock\" \"${PODS_ROOT}/Manifest.lock\" > /dev/null\nif [ $? != 0 ] ; then\n    # print error to STDERR\n    echo \"error: The sandbox is not in sync with the Podfile.lock. Run 'pod install' or update your CocoaPods installation.\" >&2\n    exit 1\nfi\n";
			showEnvVarsInLog = 0;
		};
		1A2AC3F3CE67A4B3768C9F31 /* [CP] Copy Pods Resources */ = {
			isa = PBXShellScriptBuildPhase;
			buildActionMask = 2147483647;
			files = (
			);
			inputPaths = (
			);
			name = "[CP] Copy Pods Resources";
			outputPaths = (
			);
			runOnlyForDeploymentPostprocessing = 0;
			shellPath = /bin/sh;
			shellScript = "\"${SRCROOT}/Pods/Target Support Files/Pods-nomitter/Pods-nomitter-resources.sh\"\n";
			showEnvVarsInLog = 0;
		};
		467E9368CD479702E43BCFAD /* [CP] Embed Pods Frameworks */ = {
			isa = PBXShellScriptBuildPhase;
			buildActionMask = 2147483647;
			files = (
			);
			inputPaths = (
			);
			name = "[CP] Embed Pods Frameworks";
			outputPaths = (
			);
			runOnlyForDeploymentPostprocessing = 0;
			shellPath = /bin/sh;
			shellScript = "\"${SRCROOT}/Pods/Target Support Files/Pods-nomitterUITests/Pods-nomitterUITests-frameworks.sh\"\n";
			showEnvVarsInLog = 0;
		};
		67D239104B342AFE4BB87A48 /* [CP] Copy Pods Resources */ = {
			isa = PBXShellScriptBuildPhase;
			buildActionMask = 2147483647;
			files = (
			);
			inputPaths = (
			);
			name = "[CP] Copy Pods Resources";
			outputPaths = (
			);
			runOnlyForDeploymentPostprocessing = 0;
			shellPath = /bin/sh;
			shellScript = "\"${SRCROOT}/Pods/Target Support Files/Pods-nomitterUITests/Pods-nomitterUITests-resources.sh\"\n";
			showEnvVarsInLog = 0;
		};
		A3D76E1E592AEED135AC459D /* [CP] Copy Pods Resources */ = {
			isa = PBXShellScriptBuildPhase;
			buildActionMask = 2147483647;
			files = (
			);
			inputPaths = (
			);
			name = "[CP] Copy Pods Resources";
			outputPaths = (
			);
			runOnlyForDeploymentPostprocessing = 0;
			shellPath = /bin/sh;
			shellScript = "\"${SRCROOT}/Pods/Target Support Files/Pods-nomitterTests/Pods-nomitterTests-resources.sh\"\n";
			showEnvVarsInLog = 0;
		};
		A9FC8F50F092EA9C055FCCFF /* [CP] Check Pods Manifest.lock */ = {
			isa = PBXShellScriptBuildPhase;
			buildActionMask = 2147483647;
			files = (
			);
			inputPaths = (
			);
			name = "[CP] Check Pods Manifest.lock";
			outputPaths = (
			);
			runOnlyForDeploymentPostprocessing = 0;
			shellPath = /bin/sh;
			shellScript = "diff \"${PODS_PODFILE_DIR_PATH}/Podfile.lock\" \"${PODS_ROOT}/Manifest.lock\" > /dev/null\nif [ $? != 0 ] ; then\n    # print error to STDERR\n    echo \"error: The sandbox is not in sync with the Podfile.lock. Run 'pod install' or update your CocoaPods installation.\" >&2\n    exit 1\nfi\n";
			showEnvVarsInLog = 0;
		};
		C8E141AD541589B03BA80076 /* [CP] Embed Pods Frameworks */ = {
			isa = PBXShellScriptBuildPhase;
			buildActionMask = 2147483647;
			files = (
			);
			inputPaths = (
			);
			name = "[CP] Embed Pods Frameworks";
			outputPaths = (
			);
			runOnlyForDeploymentPostprocessing = 0;
			shellPath = /bin/sh;
			shellScript = "\"${SRCROOT}/Pods/Target Support Files/Pods-nomitter/Pods-nomitter-frameworks.sh\"\n";
			showEnvVarsInLog = 0;
		};
		DA716C356AA78942C59A1AF9 /* [CP] Embed Pods Frameworks */ = {
			isa = PBXShellScriptBuildPhase;
			buildActionMask = 2147483647;
			files = (
			);
			inputPaths = (
			);
			name = "[CP] Embed Pods Frameworks";
			outputPaths = (
			);
			runOnlyForDeploymentPostprocessing = 0;
			shellPath = /bin/sh;
			shellScript = "\"${SRCROOT}/Pods/Target Support Files/Pods-nomitterTests/Pods-nomitterTests-frameworks.sh\"\n";
			showEnvVarsInLog = 0;
		};
		F606F5490C716E04C8D7D4FF /* [CP] Check Pods Manifest.lock */ = {
			isa = PBXShellScriptBuildPhase;
			buildActionMask = 2147483647;
			files = (
			);
			inputPaths = (
			);
			name = "[CP] Check Pods Manifest.lock";
			outputPaths = (
			);
			runOnlyForDeploymentPostprocessing = 0;
			shellPath = /bin/sh;
			shellScript = "diff \"${PODS_PODFILE_DIR_PATH}/Podfile.lock\" \"${PODS_ROOT}/Manifest.lock\" > /dev/null\nif [ $? != 0 ] ; then\n    # print error to STDERR\n    echo \"error: The sandbox is not in sync with the Podfile.lock. Run 'pod install' or update your CocoaPods installation.\" >&2\n    exit 1\nfi\n";
			showEnvVarsInLog = 0;
		};
/* End PBXShellScriptBuildPhase section */

/* Begin PBXSourcesBuildPhase section */
		3C25083E1E702B06004233DA /* Sources */ = {
			isa = PBXSourcesBuildPhase;
			buildActionMask = 2147483647;
			files = (
				3C25087E1E7045E2004233DA /* FirebaseAuth.swift in Sources */,
				3C2508781E702E98004233DA /* DetailsetViewController.swift in Sources */,
				3C2508761E702E80004233DA /* loginViewController.swift in Sources */,
				3C2508801E704D22004233DA /* firebaseDatabase.swift in Sources */,
				3C25087A1E702EA2004233DA /* ListViewController.swift in Sources */,
				3C2508481E702B07004233DA /* ViewController.swift in Sources */,
				3C25087C1E702EB0004233DA /* AddEventViewController.swift in Sources */,
				3C2508741E702E44004233DA /* makeIdViewController.swift in Sources */,
				3C2508461E702B07004233DA /* AppDelegate.swift in Sources */,
			);
			runOnlyForDeploymentPostprocessing = 0;
		};
		3C2508521E702B08004233DA /* Sources */ = {
			isa = PBXSourcesBuildPhase;
			buildActionMask = 2147483647;
			files = (
				3C25085B1E702B08004233DA /* nomitterTests.swift in Sources */,
			);
			runOnlyForDeploymentPostprocessing = 0;
		};
		3C25085D1E702B08004233DA /* Sources */ = {
			isa = PBXSourcesBuildPhase;
			buildActionMask = 2147483647;
			files = (
				3C2508661E702B08004233DA /* nomitterUITests.swift in Sources */,
			);
			runOnlyForDeploymentPostprocessing = 0;
		};
/* End PBXSourcesBuildPhase section */

/* Begin PBXTargetDependency section */
		3C2508581E702B08004233DA /* PBXTargetDependency */ = {
			isa = PBXTargetDependency;
			target = 3C2508411E702B06004233DA /* nomitter */;
			targetProxy = 3C2508571E702B08004233DA /* PBXContainerItemProxy */;
		};
		3C2508631E702B08004233DA /* PBXTargetDependency */ = {
			isa = PBXTargetDependency;
			target = 3C2508411E702B06004233DA /* nomitter */;
			targetProxy = 3C2508621E702B08004233DA /* PBXContainerItemProxy */;
		};
/* End PBXTargetDependency section */

/* Begin PBXVariantGroup section */
		3C2508491E702B07004233DA /* Main.storyboard */ = {
			isa = PBXVariantGroup;
			children = (
				3C25084A1E702B07004233DA /* Base */,
			);
			name = Main.storyboard;
			sourceTree = "<group>";
		};
		3C25084E1E702B07004233DA /* LaunchScreen.storyboard */ = {
			isa = PBXVariantGroup;
			children = (
				3C25084F1E702B07004233DA /* Base */,
			);
			name = LaunchScreen.storyboard;
			sourceTree = "<group>";
		};
/* End PBXVariantGroup section */

/* Begin XCBuildConfiguration section */
		3C2508681E702B08004233DA /* Debug */ = {
			isa = XCBuildConfiguration;
			buildSettings = {
				ALWAYS_SEARCH_USER_PATHS = NO;
				CLANG_ANALYZER_NONNULL = YES;
				CLANG_CXX_LANGUAGE_STANDARD = "gnu++0x";
				CLANG_CXX_LIBRARY = "libc++";
				CLANG_ENABLE_MODULES = YES;
				CLANG_ENABLE_OBJC_ARC = YES;
				CLANG_WARN_BOOL_CONVERSION = YES;
				CLANG_WARN_CONSTANT_CONVERSION = YES;
				CLANG_WARN_DIRECT_OBJC_ISA_USAGE = YES_ERROR;
				CLANG_WARN_DOCUMENTATION_COMMENTS = YES;
				CLANG_WARN_EMPTY_BODY = YES;
				CLANG_WARN_ENUM_CONVERSION = YES;
				CLANG_WARN_INFINITE_RECURSION = YES;
				CLANG_WARN_INT_CONVERSION = YES;
				CLANG_WARN_OBJC_ROOT_CLASS = YES_ERROR;
				CLANG_WARN_SUSPICIOUS_MOVE = YES;
				CLANG_WARN_UNREACHABLE_CODE = YES;
				CLANG_WARN__DUPLICATE_METHOD_MATCH = YES;
				"CODE_SIGN_IDENTITY[sdk=iphoneos*]" = "iPhone Developer";
				COPY_PHASE_STRIP = NO;
				DEBUG_INFORMATION_FORMAT = dwarf;
				ENABLE_STRICT_OBJC_MSGSEND = YES;
				ENABLE_TESTABILITY = YES;
				GCC_C_LANGUAGE_STANDARD = gnu99;
				GCC_DYNAMIC_NO_PIC = NO;
				GCC_NO_COMMON_BLOCKS = YES;
				GCC_OPTIMIZATION_LEVEL = 0;
				GCC_PREPROCESSOR_DEFINITIONS = (
					"DEBUG=1",
					"$(inherited)",
				);
				GCC_WARN_64_TO_32_BIT_CONVERSION = YES;
				GCC_WARN_ABOUT_RETURN_TYPE = YES_ERROR;
				GCC_WARN_UNDECLARED_SELECTOR = YES;
				GCC_WARN_UNINITIALIZED_AUTOS = YES_AGGRESSIVE;
				GCC_WARN_UNUSED_FUNCTION = YES;
				GCC_WARN_UNUSED_VARIABLE = YES;
				IPHONEOS_DEPLOYMENT_TARGET = 10.2;
				MTL_ENABLE_DEBUG_INFO = YES;
				ONLY_ACTIVE_ARCH = YES;
				SDKROOT = iphoneos;
				SWIFT_ACTIVE_COMPILATION_CONDITIONS = DEBUG;
				SWIFT_OPTIMIZATION_LEVEL = "-Onone";
			};
			name = Debug;
		};
		3C2508691E702B08004233DA /* Release */ = {
			isa = XCBuildConfiguration;
			buildSettings = {
				ALWAYS_SEARCH_USER_PATHS = NO;
				CLANG_ANALYZER_NONNULL = YES;
				CLANG_CXX_LANGUAGE_STANDARD = "gnu++0x";
				CLANG_CXX_LIBRARY = "libc++";
				CLANG_ENABLE_MODULES = YES;
				CLANG_ENABLE_OBJC_ARC = YES;
				CLANG_WARN_BOOL_CONVERSION = YES;
				CLANG_WARN_CONSTANT_CONVERSION = YES;
				CLANG_WARN_DIRECT_OBJC_ISA_USAGE = YES_ERROR;
				CLANG_WARN_DOCUMENTATION_COMMENTS = YES;
				CLANG_WARN_EMPTY_BODY = YES;
				CLANG_WARN_ENUM_CONVERSION = YES;
				CLANG_WARN_INFINITE_RECURSION = YES;
				CLANG_WARN_INT_CONVERSION = YES;
				CLANG_WARN_OBJC_ROOT_CLASS = YES_ERROR;
				CLANG_WARN_SUSPICIOUS_MOVE = YES;
				CLANG_WARN_UNREACHABLE_CODE = YES;
				CLANG_WARN__DUPLICATE_METHOD_MATCH = YES;
				"CODE_SIGN_IDENTITY[sdk=iphoneos*]" = "iPhone Developer";
				COPY_PHASE_STRIP = NO;
				DEBUG_INFORMATION_FORMAT = "dwarf-with-dsym";
				ENABLE_NS_ASSERTIONS = NO;
				ENABLE_STRICT_OBJC_MSGSEND = YES;
				GCC_C_LANGUAGE_STANDARD = gnu99;
				GCC_NO_COMMON_BLOCKS = YES;
				GCC_WARN_64_TO_32_BIT_CONVERSION = YES;
				GCC_WARN_ABOUT_RETURN_TYPE = YES_ERROR;
				GCC_WARN_UNDECLARED_SELECTOR = YES;
				GCC_WARN_UNINITIALIZED_AUTOS = YES_AGGRESSIVE;
				GCC_WARN_UNUSED_FUNCTION = YES;
				GCC_WARN_UNUSED_VARIABLE = YES;
				IPHONEOS_DEPLOYMENT_TARGET = 10.2;
				MTL_ENABLE_DEBUG_INFO = NO;
				SDKROOT = iphoneos;
				SWIFT_OPTIMIZATION_LEVEL = "-Owholemodule";
				VALIDATE_PRODUCT = YES;
			};
			name = Release;
		};
		3C25086B1E702B08004233DA /* Debug */ = {
			isa = XCBuildConfiguration;
			baseConfigurationReference = 1012AA5D0C167A7B3D4841DE /* Pods-nomitter.debug.xcconfig */;
			buildSettings = {
				ASSETCATALOG_COMPILER_APPICON_NAME = AppIcon;
				DEVELOPMENT_TEAM = 7PPRG6W84P;
				INFOPLIST_FILE = nomitter/Info.plist;
				LD_RUNPATH_SEARCH_PATHS = "$(inherited) @executable_path/Frameworks";
				PRODUCT_BUNDLE_IDENTIFIER = com.takarki.nomitter;
				PRODUCT_NAME = "$(TARGET_NAME)";
				SWIFT_VERSION = 3.0;
			};
			name = Debug;
		};
		3C25086C1E702B08004233DA /* Release */ = {
			isa = XCBuildConfiguration;
			baseConfigurationReference = D304E148C5899FC11207B4E7 /* Pods-nomitter.release.xcconfig */;
			buildSettings = {
				ASSETCATALOG_COMPILER_APPICON_NAME = AppIcon;
				DEVELOPMENT_TEAM = 7PPRG6W84P;
				INFOPLIST_FILE = nomitter/Info.plist;
				LD_RUNPATH_SEARCH_PATHS = "$(inherited) @executable_path/Frameworks";
				PRODUCT_BUNDLE_IDENTIFIER = com.takarki.nomitter;
				PRODUCT_NAME = "$(TARGET_NAME)";
				SWIFT_VERSION = 3.0;
			};
			name = Release;
		};
		3C25086E1E702B08004233DA /* Debug */ = {
			isa = XCBuildConfiguration;
			baseConfigurationReference = 57FF0F5D06193C996164E56F /* Pods-nomitterTests.debug.xcconfig */;
			buildSettings = {
				ALWAYS_EMBED_SWIFT_STANDARD_LIBRARIES = YES;
				BUNDLE_LOADER = "$(TEST_HOST)";
				DEVELOPMENT_TEAM = 7PPRG6W84P;
				INFOPLIST_FILE = nomitterTests/Info.plist;
				LD_RUNPATH_SEARCH_PATHS = "$(inherited) @executable_path/Frameworks @loader_path/Frameworks";
				PRODUCT_BUNDLE_IDENTIFIER = com.takarki.nomitterTests;
				PRODUCT_NAME = "$(TARGET_NAME)";
				SWIFT_VERSION = 3.0;
				TEST_HOST = "$(BUILT_PRODUCTS_DIR)/nomitter.app/nomitter";
			};
			name = Debug;
		};
		3C25086F1E702B08004233DA /* Release */ = {
			isa = XCBuildConfiguration;
			baseConfigurationReference = 6E76BE2A444A55CD294A4704 /* Pods-nomitterTests.release.xcconfig */;
			buildSettings = {
				ALWAYS_EMBED_SWIFT_STANDARD_LIBRARIES = YES;
				BUNDLE_LOADER = "$(TEST_HOST)";
				DEVELOPMENT_TEAM = 7PPRG6W84P;
				INFOPLIST_FILE = nomitterTests/Info.plist;
				LD_RUNPATH_SEARCH_PATHS = "$(inherited) @executable_path/Frameworks @loader_path/Frameworks";
				PRODUCT_BUNDLE_IDENTIFIER = com.takarki.nomitterTests;
				PRODUCT_NAME = "$(TARGET_NAME)";
				SWIFT_VERSION = 3.0;
				TEST_HOST = "$(BUILT_PRODUCTS_DIR)/nomitter.app/nomitter";
			};
			name = Release;
		};
		3C2508711E702B08004233DA /* Debug */ = {
			isa = XCBuildConfiguration;
			baseConfigurationReference = 046D4A67BBA2CE98679903A5 /* Pods-nomitterUITests.debug.xcconfig */;
			buildSettings = {
				ALWAYS_EMBED_SWIFT_STANDARD_LIBRARIES = YES;
				DEVELOPMENT_TEAM = 7PPRG6W84P;
				INFOPLIST_FILE = nomitterUITests/Info.plist;
				LD_RUNPATH_SEARCH_PATHS = "$(inherited) @executable_path/Frameworks @loader_path/Frameworks";
				PRODUCT_BUNDLE_IDENTIFIER = com.takarki.nomitterUITests;
				PRODUCT_NAME = "$(TARGET_NAME)";
				SWIFT_VERSION = 3.0;
				TEST_TARGET_NAME = nomitter;
			};
			name = Debug;
		};
		3C2508721E702B08004233DA /* Release */ = {
			isa = XCBuildConfiguration;
			baseConfigurationReference = 459816A0B9935B13DF1F4C49 /* Pods-nomitterUITests.release.xcconfig */;
			buildSettings = {
				ALWAYS_EMBED_SWIFT_STANDARD_LIBRARIES = YES;
				DEVELOPMENT_TEAM = 7PPRG6W84P;
				INFOPLIST_FILE = nomitterUITests/Info.plist;
				LD_RUNPATH_SEARCH_PATHS = "$(inherited) @executable_path/Frameworks @loader_path/Frameworks";
				PRODUCT_BUNDLE_IDENTIFIER = com.takarki.nomitterUITests;
				PRODUCT_NAME = "$(TARGET_NAME)";
				SWIFT_VERSION = 3.0;
				TEST_TARGET_NAME = nomitter;
			};
			name = Release;
		};
/* End XCBuildConfiguration section */

/* Begin XCConfigurationList section */
		3C25083D1E702B06004233DA /* Build configuration list for PBXProject "nomitter" */ = {
			isa = XCConfigurationList;
			buildConfigurations = (
				3C2508681E702B08004233DA /* Debug */,
				3C2508691E702B08004233DA /* Release */,
			);
			defaultConfigurationIsVisible = 0;
			defaultConfigurationName = Release;
		};
		3C25086A1E702B08004233DA /* Build configuration list for PBXNativeTarget "nomitter" */ = {
			isa = XCConfigurationList;
			buildConfigurations = (
				3C25086B1E702B08004233DA /* Debug */,
				3C25086C1E702B08004233DA /* Release */,
			);
			defaultConfigurationIsVisible = 0;
			defaultConfigurationName = Release;
		};
		3C25086D1E702B08004233DA /* Build configuration list for PBXNativeTarget "nomitterTests" */ = {
			isa = XCConfigurationList;
			buildConfigurations = (
				3C25086E1E702B08004233DA /* Debug */,
				3C25086F1E702B08004233DA /* Release */,
			);
			defaultConfigurationIsVisible = 0;
			defaultConfigurationName = Release;
		};
		3C2508701E702B08004233DA /* Build configuration list for PBXNativeTarget "nomitterUITests" */ = {
			isa = XCConfigurationList;
			buildConfigurations = (
				3C2508711E702B08004233DA /* Debug */,
				3C2508721E702B08004233DA /* Release */,
			);
			defaultConfigurationIsVisible = 0;
			defaultConfigurationName = Release;
		};
/* End XCConfigurationList section */
	};
	rootObject = 3C25083A1E702B06004233DA /* Project object */;
}
